schema = "reprobuild.solved-graph-lock.v2"

[lock]
platform = "amd64-linux"
optimal = false
inputs_digest = "fnv1a64:5272c3a2e89f46ed"
variants = []
packages = [{ name = "TermAssertClient", version = "1.0.0", source = "TermAssertClient" }, { name = "gcc", version = "12.0.0", source = "gcc" }, { name = "nim", version = "2.0.0", source = "nim" }, { name = "nim-libvterm", version = "1.0.0", source = "nim-libvterm" }, { name = "nim-pty", version = "1.0.0", source = "nim-pty" }, { name = "nim_libvterm", version = "0.1.0", source = "nim_libvterm" }, { name = "nim_pty", version = "0.1.0", source = "nim_pty" }, { name = "term_assert", version = "0.1.0", source = "term_assert" }, { name = "term_assert_client", version = "0.1.0", source = "term_assert_client" }]
deps = [{ name = "TermAssert", path = ".", coord_kind = "vcs", url = "", ref = "mcr-stege0-and-fixes", revision = "c8562855a2cdd37946465da06d1035c29223447d", integrity = "git-sha1:c8562855a2cdd37946465da06d1035c29223447d", version = "", visibility = "public", participation = "", depends = "TermAssertClient,nim-libvterm,nim-pty", groups = "" }, { name = "TermAssertClient", path = "../TermAssertClient", coord_kind = "vcs", url = "", ref = "mcr-stege0-and-fixes", revision = "ac1d1307000bd2c9922e56dce50512de460ae399", integrity = "git-sha1:ac1d1307000bd2c9922e56dce50512de460ae399", version = "", visibility = "public", participation = "", depends = "", groups = "" }, { name = "nim-libvterm", path = "../nim-libvterm", coord_kind = "vcs", url = "", ref = "mcr-stege0-and-fixes", revision = "4c6cb68c76ad8015be3c501465b9febacfe1a3b9", integrity = "git-sha1:4c6cb68c76ad8015be3c501465b9febacfe1a3b9", version = "", visibility = "public", participation = "", depends = "", groups = "" }, { name = "nim-pty", path = "../nim-pty", coord_kind = "vcs", url = "", ref = "mcr-stege0-and-fixes", revision = "d3ba66cbd4456f5c60af73a4c9515d45eee58d2b", integrity = "git-sha1:d3ba66cbd4456f5c60af73a4c9515d45eee58d2b", version = "", visibility = "public", participation = "", depends = "", groups = "" }]
