schema = "reprobuild.solved-graph-lock.v2"

[lock]
platform = "amd64-linux"
optimal = false
inputs_digest = "fnv1a64:5272c3a2e89f46ed"
variants = []
packages = [{ name = "TermAssertClient", version = "1.0.0", source = "TermAssertClient" }, { name = "gcc", version = "12.0.0", source = "gcc" }, { name = "nim", version = "2.0.0", source = "nim" }, { name = "nim-libvterm", version = "1.0.0", source = "nim-libvterm" }, { name = "nim-pty", version = "1.0.0", source = "nim-pty" }, { name = "nim_libvterm", version = "0.1.0", source = "nim_libvterm" }, { name = "nim_pty", version = "0.1.0", source = "nim_pty" }, { name = "term_assert", version = "0.1.0", source = "term_assert" }, { name = "term_assert_client", version = "0.1.0", source = "term_assert_client" }]
deps = [{ name = "TermAssert", path = ".", coord_kind = "vcs", url = "https://github.com/metacraft-labs/TermAssert", ref = "mcr-stege0-and-fixes", revision = "1737442e9a6a585af104921af40a31bd0f7742fa", integrity = "git-sha1:1737442e9a6a585af104921af40a31bd0f7742fa", version = "", visibility = "public", participation = "", depends = "TermAssertClient,nim-libvterm,nim-pty", tags = "" }, { name = "TermAssertClient", path = "../TermAssertClient", coord_kind = "vcs", url = "https://github.com/metacraft-labs/TermAssertClient", ref = "claude/hookspath-absolute", revision = "3f01bd9ddb1a78d4b9d6139154dea61fa36c4986", integrity = "git-sha1:3f01bd9ddb1a78d4b9d6139154dea61fa36c4986", version = "", visibility = "public", participation = "", depends = "", tags = "" }, { name = "nim-libvterm", path = "../nim-libvterm", coord_kind = "vcs", url = "https://github.com/metacraft-labs/nim-libvterm", ref = "claude/hookspath-absolute", revision = "3ff6e8de42c4fea3d0ddfd98fa8e464eeaa60433", integrity = "git-sha1:3ff6e8de42c4fea3d0ddfd98fa8e464eeaa60433", version = "", visibility = "public", participation = "", depends = "", tags = "" }, { name = "nim-pty", path = "../nim-pty", coord_kind = "vcs", url = "https://github.com/metacraft-labs/nim-pty", ref = "claude/hookspath-absolute", revision = "2c14f4ecce4f1ac0e572bf509647cce29f90cf91", integrity = "git-sha1:2c14f4ecce4f1ac0e572bf509647cce29f90cf91", version = "", visibility = "public", participation = "", depends = "", tags = "" }]
