schema = "reprobuild.solved-graph-lock.v2"

[lock]
platform = "amd64-linux"
optimal = false
inputs_digest = "fnv1a64:2d5010173a2ce2d9"
variants = []
packages = [{ name = "TermAssertClient", version = "1.0.0", source = "TermAssertClient", selection = "selected" }, { name = "gcc", version = "12.0.0", source = "gcc", selection = "selected" }, { name = "nim", version = "2.0.0", source = "nim", selection = "selected" }, { name = "nim-libvterm", version = "1.0.0", source = "nim-libvterm", selection = "selected" }, { name = "nim-pty", version = "1.0.0", source = "nim-pty", selection = "selected" }, { name = "nim_libvterm", version = "0.1.0", source = "nim_libvterm", selection = "selected" }, { name = "nim_pty", version = "0.1.0", source = "nim_pty", selection = "selected" }, { name = "term_assert", version = "0.1.0", source = "term_assert", selection = "selected" }, { name = "term_assert_client", version = "0.1.0", source = "term_assert_client", selection = "selected" }]
deps = [{ name = "TermAssert", path = ".", coord_kind = "vcs", url = "https://github.com/metacraft-labs/TermAssert", ref = "claude/hookspath-absolute", revision = "550b1a1837c1065bc278d007ac7522d3970cf97a", integrity = "git-sha1:550b1a1837c1065bc278d007ac7522d3970cf97a", version = "", visibility = "public", participation = "", depends = "nim-pty,nim-libvterm,TermAssertClient", tags = "" }, { name = "TermAssertClient", path = "../TermAssertClient", coord_kind = "vcs", url = "https://github.com/metacraft-labs/TermAssertClient", ref = "agents", revision = "7eecc491d078421288f5cb0137c7bbaa6834e8ac", integrity = "git-sha1:7eecc491d078421288f5cb0137c7bbaa6834e8ac", version = "", visibility = "public", participation = "", depends = "", tags = "" }, { name = "nim-libvterm", path = "../nim-libvterm", coord_kind = "vcs", url = "https://github.com/metacraft-labs/nim-libvterm", ref = "agents", revision = "d68a839657880d7f14ccf09fbec42eb1fc2ded49", integrity = "git-sha1:d68a839657880d7f14ccf09fbec42eb1fc2ded49", version = "", visibility = "public", participation = "", depends = "", tags = "" }, { name = "nim-pty", path = "../nim-pty", coord_kind = "vcs", url = "https://github.com/metacraft-labs/nim-pty", ref = "agents", revision = "2f92d19dc5064e113b64792eb8768ff83a6be97a", integrity = "git-sha1:2f92d19dc5064e113b64792eb8768ff83a6be97a", version = "", visibility = "public", participation = "", depends = "", tags = "" }]
